
Microsoft Visual Studio Solution File, Format Version 12.00
# Visual Studio Version 16
VisualStudioVersion = 16.0.29519.181
MinimumVisualStudioVersion = 10.0.40219.1
Project("{9A19103F-16F7-4668-BE54-9A1E7A4F7556}") = "GraphQLBooks.API", "GraphQLBooks.API\GraphQLBooks.API.csproj", "{BC381F7A-0432-42E3-A3CF-D77949587DCD}"
EndProject
Global
	GlobalSection(SolutionConfigurationPlatforms) = preSolution
		Debug|Any CPU = Debug|Any CPU
		Release|Any CPU = Release|Any CPU
	EndGlobalSection
	GlobalSection(ProjectConfigurationPlatforms) = postSolution
		{BC381F7A-0432-42E3-A3CF-D77949587DCD}.Debug|Any CPU.ActiveCfg = Debug|Any CPU
		{BC381F7A-0432-42E3-A3CF-D77949587DCD}.Debug|Any CPU.Build.0 = Debug|Any CPU
		{BC381F7A-0432-42E3-A3CF-D77949587DCD}.Release|Any CPU.ActiveCfg = Release|Any CPU
		{BC381F7A-0432-42E3-A3CF-D77949587DCD}.Release|Any CPU.Build.0 = Release|Any CPU
	EndGlobalSection
	GlobalSection(SolutionProperties) = preSolution
		HideSolutionNode = FALSE
	EndGlobalSection
	GlobalSection(ExtensibilityGlobals) = postSolution
		SolutionGuid = {5DDE80A4-B662-4C10-BFE7-DFDE433D390B}
	EndGlobalSection
EndGlobal
